
Microsoft Visual Studio Solution File, Format Version 12.00
# Visual Studio Version 16
VisualStudioVersion = 16.0.30002.166
MinimumVisualStudioVersion = 10.0.40219.1
Project("{FAE04EC0-301F-11D3-BF4B-00C04F79EFBC}") = "Silbernetz", "Silbernetz\Silbernetz.csproj", "{7E2F4748-574A-4C8F-A5D5-45FC6E8F5274}"
EndProject
Global
	GlobalSection(SolutionConfigurationPlatforms) = preSolution
		Debug|Any CPU = Debug|Any CPU
		Release|Any CPU = Release|Any CPU
	EndGlobalSection
	GlobalSection(ProjectConfigurationPlatforms) = postSolution
		{7E2F4748-574A-4C8F-A5D5-45FC6E8F5274}.Debug|Any CPU.ActiveCfg = Debug|Any CPU
		{7E2F4748-574A-4C8F-A5D5-45FC6E8F5274}.Debug|Any CPU.Build.0 = Debug|Any CPU
		{7E2F4748-574A-4C8F-A5D5-45FC6E8F5274}.Release|Any CPU.ActiveCfg = Release|Any CPU
		{7E2F4748-574A-4C8F-A5D5-45FC6E8F5274}.Release|Any CPU.Build.0 = Release|Any CPU
	EndGlobalSection
	GlobalSection(SolutionProperties) = preSolution
		HideSolutionNode = FALSE
	EndGlobalSection
	GlobalSection(ExtensibilityGlobals) = postSolution
		SolutionGuid = {AEC755DE-A3D5-4B17-BDA6-BCA2254CB7CE}
	EndGlobalSection
EndGlobal
